
Microsoft Visual Studio Solution File, Format Version 12.00
# Visual Studio Version 16
VisualStudioVersion = 16.0.29102.190
MinimumVisualStudioVersion = 10.0.40219.1
Project("{FAE04EC0-301F-11D3-BF4B-00C04F79EFBC}") = "SteamStore.WebUI", "SteamStore.WebUI\SteamStore.WebUI.csproj", "{4BD6BD02-58DC-4AC0-8F97-5A3934C0B05A}"
EndProject
Project("{FAE04EC0-301F-11D3-BF4B-00C04F79EFBC}") = "Entities", "Entities\Entities.csproj", "{33496A9C-3BF5-4BEB-ADB8-64787156B4D8}"
EndProject
Project("{2150E333-8FDC-42A3-9474-1A3956D46DE8}") = "DAL", "DAL", "{F5B94A3B-0271-4D79-BE80-CE028CBEAEBC}"
EndProject
Project("{2150E333-8FDC-42A3-9474-1A3956D46DE8}") = "AbstractDAL", "AbstractDAL", "{09A6A172-B6BA-4738-8A4D-276661F0E779}"
EndProject
Project("{2150E333-8FDC-42A3-9474-1A3956D46DE8}") = "BLL", "BLL", "{C536D19B-65BA-4F17-8074-4D0BA013C368}"
EndProject
Project("{2150E333-8FDC-42A3-9474-1A3956D46DE8}") = "AbstractBLL", "AbstractBLL", "{E79DD578-B034-45BD-B8FA-0B2748BB372F}"
EndProject
Project("{2150E333-8FDC-42A3-9474-1A3956D46DE8}") = "Common", "Common", "{7547AB02-83CB-4702-AE88-229685E0073B}"
EndProject
Project("{2150E333-8FDC-42A3-9474-1A3956D46DE8}") = "PL", "PL", "{5B73956A-3798-46F6-AF6E-E655496173A7}"
EndProject
Project("{FAE04EC0-301F-11D3-BF4B-00C04F79EFBC}") = "SteamStore.AbstractDAL", "SteamStore.AbstractDAL\SteamStore.AbstractDAL.csproj", "{E5F97260-38D9-49F1-8884-3E9DBEA3B69C}"
EndProject
Project("{FAE04EC0-301F-11D3-BF4B-00C04F79EFBC}") = "SteamStore.AbstractBLL", "SteamStore.AbstractBLL\SteamStore.AbstractBLL.csproj", "{CADE5D78-0E87-4EB3-A3FB-577A1637C2EA}"
EndProject
Project("{FAE04EC0-301F-11D3-BF4B-00C04F79EFBC}") = "SteamStore.BLL", "SteamStore.BLL\SteamStore.BLL.csproj", "{668C9B71-DC56-4163-B905-30B5FD6AF416}"
EndProject
Project("{FAE04EC0-301F-11D3-BF4B-00C04F79EFBC}") = "SteamStore.DAL", "SteamStore.DAL\SteamStore.DAL.csproj", "{DEBDF531-7135-46EC-A72F-318854038E6A}"
EndProject
Global
	GlobalSection(SolutionConfigurationPlatforms) = preSolution
		Debug|Any CPU = Debug|Any CPU
		Release|Any CPU = Release|Any CPU
	EndGlobalSection
	GlobalSection(ProjectConfigurationPlatforms) = postSolution
		{4BD6BD02-58DC-4AC0-8F97-5A3934C0B05A}.Debug|Any CPU.ActiveCfg = Debug|Any CPU
		{4BD6BD02-58DC-4AC0-8F97-5A3934C0B05A}.Debug|Any CPU.Build.0 = Debug|Any CPU
		{4BD6BD02-58DC-4AC0-8F97-5A3934C0B05A}.Release|Any CPU.ActiveCfg = Release|Any CPU
		{4BD6BD02-58DC-4AC0-8F97-5A3934C0B05A}.Release|Any CPU.Build.0 = Release|Any CPU
		{33496A9C-3BF5-4BEB-ADB8-64787156B4D8}.Debug|Any CPU.ActiveCfg = Debug|Any CPU
		{33496A9C-3BF5-4BEB-ADB8-64787156B4D8}.Debug|Any CPU.Build.0 = Debug|Any CPU
		{33496A9C-3BF5-4BEB-ADB8-64787156B4D8}.Release|Any CPU.ActiveCfg = Release|Any CPU
		{33496A9C-3BF5-4BEB-ADB8-64787156B4D8}.Release|Any CPU.Build.0 = Release|Any CPU
		{E5F97260-38D9-49F1-8884-3E9DBEA3B69C}.Debug|Any CPU.ActiveCfg = Debug|Any CPU
		{E5F97260-38D9-49F1-8884-3E9DBEA3B69C}.Debug|Any CPU.Build.0 = Debug|Any CPU
		{E5F97260-38D9-49F1-8884-3E9DBEA3B69C}.Release|Any CPU.ActiveCfg = Release|Any CPU
		{E5F97260-38D9-49F1-8884-3E9DBEA3B69C}.Release|Any CPU.Build.0 = Release|Any CPU
		{CADE5D78-0E87-4EB3-A3FB-577A1637C2EA}.Debug|Any CPU.ActiveCfg = Debug|Any CPU
		{CADE5D78-0E87-4EB3-A3FB-577A1637C2EA}.Debug|Any CPU.Build.0 = Debug|Any CPU
		{CADE5D78-0E87-4EB3-A3FB-577A1637C2EA}.Release|Any CPU.ActiveCfg = Release|Any CPU
		{CADE5D78-0E87-4EB3-A3FB-577A1637C2EA}.Release|Any CPU.Build.0 = Release|Any CPU
		{668C9B71-DC56-4163-B905-30B5FD6AF416}.Debug|Any CPU.ActiveCfg = Debug|Any CPU
		{668C9B71-DC56-4163-B905-30B5FD6AF416}.Debug|Any CPU.Build.0 = Debug|Any CPU
		{668C9B71-DC56-4163-B905-30B5FD6AF416}.Release|Any CPU.ActiveCfg = Release|Any CPU
		{668C9B71-DC56-4163-B905-30B5FD6AF416}.Release|Any CPU.Build.0 = Release|Any CPU
		{DEBDF531-7135-46EC-A72F-318854038E6A}.Debug|Any CPU.ActiveCfg = Debug|Any CPU
		{DEBDF531-7135-46EC-A72F-318854038E6A}.Debug|Any CPU.Build.0 = Debug|Any CPU
		{DEBDF531-7135-46EC-A72F-318854038E6A}.Release|Any CPU.ActiveCfg = Release|Any CPU
		{DEBDF531-7135-46EC-A72F-318854038E6A}.Release|Any CPU.Build.0 = Release|Any CPU
	EndGlobalSection
	GlobalSection(SolutionProperties) = preSolution
		HideSolutionNode = FALSE
	EndGlobalSection
	GlobalSection(NestedProjects) = preSolution
		{4BD6BD02-58DC-4AC0-8F97-5A3934C0B05A} = {5B73956A-3798-46F6-AF6E-E655496173A7}
		{33496A9C-3BF5-4BEB-ADB8-64787156B4D8} = {7547AB02-83CB-4702-AE88-229685E0073B}
		{E5F97260-38D9-49F1-8884-3E9DBEA3B69C} = {09A6A172-B6BA-4738-8A4D-276661F0E779}
		{CADE5D78-0E87-4EB3-A3FB-577A1637C2EA} = {E79DD578-B034-45BD-B8FA-0B2748BB372F}
		{668C9B71-DC56-4163-B905-30B5FD6AF416} = {C536D19B-65BA-4F17-8074-4D0BA013C368}
		{DEBDF531-7135-46EC-A72F-318854038E6A} = {F5B94A3B-0271-4D79-BE80-CE028CBEAEBC}
	EndGlobalSection
	GlobalSection(ExtensibilityGlobals) = postSolution
		SolutionGuid = {4BA7E351-8F36-46EB-8FE4-E6D078EFF56C}
	EndGlobalSection
EndGlobal
